# THIS IS AN AUTOGENERATED FILE. DO NOT EDIT THIS FILE DIRECTLY.
# yarn lockfile v1


"@babel/runtime@^7.10.5", "@babel/runtime@^7.7.2":
  version "7.12.5"
  resolved "https://registry.npm.taobao.org/@babel/runtime/download/@babel/runtime-7.12.5.tgz?cache=0&sync_timestamp=1604443606981&other_urls=https%3A%2F%2Fregistry.npm.taobao.org%2F%40babel%2Fruntime%2Fdownload%2F%40babel%2Fruntime-7.12.5.tgz#410e7e487441e1b360c29be715d870d9b985882e"
  integrity sha1-QQ5+SHRB4bNgwpvnFdhw2bmFiC4=
  dependencies:
    regenerator-runtime "^0.13.4"

import-html-entry@^1.9.0:
  version "1.11.0"
  resolved "https://registry.npm.taobao.org/import-html-entry/download/import-html-entry-1.11.0.tgz?cache=0&sync_timestamp=1606884582906&other_urls=https%3A%2F%2Fregistry.npm.taobao.org%2Fimport-html-entry%2Fdownload%2Fimport-html-entry-1.11.0.tgz#83626133bb6887cb2c3f7398ff12a47005f6ad7f"
  integrity sha1-g2JhM7toh8ssP3OY/xKkcAX2rX8=
  dependencies:
    "@babel/runtime" "^7.7.2"

lodash@^4.17.11:
  version "4.17.20"
  resolved "https://registry.npm.taobao.org/lodash/download/lodash-4.17.20.tgz#b44a9b6297bcb698f1c51a3545a2b3b368d59c52"
  integrity sha1-tEqbYpe8tpjxxRo1RaKzs2jVnFI=

qiankun@^2.3.3:
  version "2.3.3"
  resolved "https://registry.npm.taobao.org/qiankun/download/qiankun-2.3.3.tgz?cache=0&sync_timestamp=1607648708747&other_urls=https%3A%2F%2Fregistry.npm.taobao.org%2Fqiankun%2Fdownload%2Fqiankun-2.3.3.tgz#11da131f9d1854320801a3be72f217a3ff740abc"
  integrity sha1-EdoTH50YVDIIAaO+cvIXo/90Crw=
  dependencies:
    "@babel/runtime" "^7.10.5"
    import-html-entry "^1.9.0"
    lodash "^4.17.11"
    single-spa "5.8.1"
    tslib "^1.10.0"

regenerator-runtime@^0.13.4:
  version "0.13.7"
  resolved "https://registry.npm.taobao.org/regenerator-runtime/download/regenerator-runtime-0.13.7.tgz#cac2dacc8a1ea675feaabaeb8ae833898ae46f55"
  integrity sha1-ysLazIoepnX+qrrriugziYrkb1U=

single-spa@5.8.1:
  version "5.8.1"
  resolved "https://registry.npm.taobao.org/single-spa/download/single-spa-5.8.1.tgz#86c2575e297e31d8f06945944ec97e31851a59ae"
  integrity sha1-hsJXXil+MdjwaUWUTsl+MYUaWa4=

tslib@^1.10.0:
  version "1.14.1"
  resolved "https://registry.npm.taobao.org/tslib/download/tslib-1.14.1.tgz#cf2d38bdc34a134bcaf1091c41f6619e2f672d00"
  integrity sha1-zy04vcNKE0vK8QkcQfZhni9nLQA=
